
Microsoft Visual Studio Solution File, Format Version 12.00
# Visual Studio Version 17
VisualStudioVersion = 17.12.35527.113 d17.12
MinimumVisualStudioVersion = 10.0.40219.1
Project("{FAE04EC0-301F-11D3-BF4B-00C04F79EFBC}") = "Ui", "WindowsFormsApp1\Ui.csproj", "{A01D8E3A-3B4A-4475-B392-AE3841C36D9B}"
EndProject
Project("{FAE04EC0-301F-11D3-BF4B-00C04F79EFBC}") = "capaDatos", "capaDatos\capaDatos.csproj", "{16B212A8-D735-45A6-A747-72DFB6DEB81E}"
EndProject
Project("{FAE04EC0-301F-11D3-BF4B-00C04F79EFBC}") = "capaEntidad", "ClassLibrary2\capaEntidad.csproj", "{C705C169-F239-4088-8B1E-806D980CED17}"
EndProject
Project("{FAE04EC0-301F-11D3-BF4B-00C04F79EFBC}") = "capaNegocio", "ClassLibrary3\capaNegocio.csproj", "{ED52E19B-58EE-4FBC-9689-F6C060196EFF}"
EndProject
Global
	GlobalSection(SolutionConfigurationPlatforms) = preSolution
		Debug|Any CPU = Debug|Any CPU
		Release|Any CPU = Release|Any CPU
	EndGlobalSection
	GlobalSection(ProjectConfigurationPlatforms) = postSolution
		{A01D8E3A-3B4A-4475-B392-AE3841C36D9B}.Debug|Any CPU.ActiveCfg = Debug|Any CPU
		{A01D8E3A-3B4A-4475-B392-AE3841C36D9B}.Debug|Any CPU.Build.0 = Debug|Any CPU
		{A01D8E3A-3B4A-4475-B392-AE3841C36D9B}.Release|Any CPU.ActiveCfg = Release|Any CPU
		{A01D8E3A-3B4A-4475-B392-AE3841C36D9B}.Release|Any CPU.Build.0 = Release|Any CPU
		{16B212A8-D735-45A6-A747-72DFB6DEB81E}.Debug|Any CPU.ActiveCfg = Debug|Any CPU
		{16B212A8-D735-45A6-A747-72DFB6DEB81E}.Debug|Any CPU.Build.0 = Debug|Any CPU
		{16B212A8-D735-45A6-A747-72DFB6DEB81E}.Release|Any CPU.ActiveCfg = Release|Any CPU
		{16B212A8-D735-45A6-A747-72DFB6DEB81E}.Release|Any CPU.Build.0 = Release|Any CPU
		{C705C169-F239-4088-8B1E-806D980CED17}.Debug|Any CPU.ActiveCfg = Debug|Any CPU
		{C705C169-F239-4088-8B1E-806D980CED17}.Debug|Any CPU.Build.0 = Debug|Any CPU
		{C705C169-F239-4088-8B1E-806D980CED17}.Release|Any CPU.ActiveCfg = Release|Any CPU
		{C705C169-F239-4088-8B1E-806D980CED17}.Release|Any CPU.Build.0 = Release|Any CPU
		{ED52E19B-58EE-4FBC-9689-F6C060196EFF}.Debug|Any CPU.ActiveCfg = Debug|Any CPU
		{ED52E19B-58EE-4FBC-9689-F6C060196EFF}.Debug|Any CPU.Build.0 = Debug|Any CPU
		{ED52E19B-58EE-4FBC-9689-F6C060196EFF}.Release|Any CPU.ActiveCfg = Release|Any CPU
		{ED52E19B-58EE-4FBC-9689-F6C060196EFF}.Release|Any CPU.Build.0 = Release|Any CPU
	EndGlobalSection
	GlobalSection(SolutionProperties) = preSolution
		HideSolutionNode = FALSE
	EndGlobalSection
EndGlobal
